// !$*UTF8*$!
{
	archiveVersion = 1;
	classes = {
	};
	objectVersion = 77;
	objects = {

/* Begin PBXContainerItemProxy section */
		4DEA8F342E7B95FE00CFBFB1 /* PBXContainerItemProxy */ = {
			isa = PBXContainerItemProxy;
			containerPortal = 4DEA8F1B2E7B95FC00CFBFB1 /* Project object */;
			proxyType = 1;
			remoteGlobalIDString = 4DEA8F222E7B95FC00CFBFB1;
			remoteInfo = StateDemo;
		};
		4DEA8F3E2E7B95FE00CFBFB1 /* PBXContainerItemProxy */ = {
			isa = PBXContainerItemProxy;
			containerPortal = 4DEA8F1B2E7B95FC00CFBFB1 /* Project object */;
			proxyType = 1;
			remoteGlobalIDString = 4DEA8F222E7B95FC00CFBFB1;
			remoteInfo = StateDemo;
		};
/* End PBXContainerItemProxy section */

/* Begin PBXFileReference section */
		4DEA8F232E7B95FC00CFBFB1 /* StateDemo.app */ = {isa = PBXFileReference; explicitFileType = wrapper.application; includeInIndex = 0; path = StateDemo.app; sourceTree = BUILT_PRODUCTS_DIR; };
		4DEA8F332E7B95FE00CFBFB1 /* StateDemoTests.xctest */ = {isa = PBXFileReference; explicitFileType = wrapper.cfbundle; includeInIndex = 0; path = StateDemoTests.xctest; sourceTree = BUILT_PRODUCTS_DIR; };
		4DEA8F3D2E7B95FE00CFBFB1 /* StateDemoUITests.xctest */ = {isa = PBXFileReference; explicitFileType = wrapper.cfbundle; includeInIndex = 0; path = StateDemoUITests.xctest; sourceTree = BUILT_PRODUCTS_DIR; };
/* End PBXFileReference section */

/* Begin PBXFileSystemSynchronizedRootGroup section */
		4DEA8F252E7B95FC00CFBFB1 /* StateDemo */ = {
			isa = PBXFileSystemSynchronizedRootGroup;
			path = StateDemo;
			sourceTree = "<group>";
		};
		4DEA8F362E7B95FE00CFBFB1 /* StateDemoTests */ = {
			isa = PBXFileSystemSynchronizedRootGroup;
			path = StateDemoTests;
			sourceTree = "<group>";
		};
		4DEA8F402E7B95FE00CFBFB1 /* StateDemoUITests */ = {
			isa = PBXFileSystemSynchronizedRootGroup;
			path = StateDemoUITests;
			sourceTree = "<group>";
		};
/* End PBXFileSystemSynchronizedRootGroup section */

/* Begin PBXFrameworksBuildPhase section */
		4DEA8F202E7B95FC00CFBFB1 /* Frameworks */ = {
			isa = PBXFrameworksBuildPhase;
			buildActionMask = 2147483647;
			files = (
			);
			runOnlyForDeploymentPostprocessing = 0;
		};
		4DEA8F302E7B95FE00CFBFB1 /* Frameworks */ = {
			isa = PBXFrameworksBuildPhase;
			buildActionMask = 2147483647;
			files = (
			);
			runOnlyForDeploymentPostprocessing = 0;
		};
		4DEA8F3A2E7B95FE00CFBFB1 /* Frameworks */ = {
			isa = PBXFrameworksBuildPhase;
			buildActionMask = 2147483647;
			files = (
			);
			runOnlyForDeploymentPostprocessing = 0;
		};
/* End PBXFrameworksBuildPhase section */

/* Begin PBXGroup section */
		4DEA8F1A2E7B95FC00CFBFB1 = {
			isa = PBXGroup;
			children = (
				4DEA8F252E7B95FC00CFBFB1 /* StateDemo */,
				4DEA8F362E7B95FE00CFBFB1 /* StateDemoTests */,
				4DEA8F402E7B95FE00CFBFB1 /* StateDemoUITests */,
				4DEA8F242E7B95FC00CFBFB1 /* Products */,
			);
			sourceTree = "<group>";
		};
		4DEA8F242E7B95FC00CFBFB1 /* Products */ = {
			isa = PBXGroup;
			children = (
				4DEA8F232E7B95FC00CFBFB1 /* StateDemo.app */,
				4DEA8F332E7B95FE00CFBFB1 /* StateDemoTests.xctest */,
				4DEA8F3D2E7B95FE00CFBFB1 /* StateDemoUITests.xctest */,
			);
			name = Products;
			sourceTree = "<group>";
		};
/* End PBXGroup section */

/* Begin PBXNativeTarget section */
		4DEA8F222E7B95FC00CFBFB1 /* StateDemo */ = {
			isa = PBXNativeTarget;
			buildConfigurationList = 4DEA8F472E7B95FE00CFBFB1 /* Build configuration list for PBXNativeTarget "StateDemo" */;
			buildPhases = (
				4DEA8F1F2E7B95FC00CFBFB1 /* Sources */,
				4DEA8F202E7B95FC00CFBFB1 /* Frameworks */,
				4DEA8F212E7B95FC00CFBFB1 /* Resources */,
			);
			buildRules = (
			);
			dependencies = (
			);
			fileSystemSynchronizedGroups = (
				4DEA8F252E7B95FC00CFBFB1 /* StateDemo */,
			);
			name = StateDemo;
			packageProductDependencies = (
			);
			productName = StateDemo;
			productReference = 4DEA8F232E7B95FC00CFBFB1 /* StateDemo.app */;
			productType = "com.apple.product-type.application";
		};
		4DEA8F322E7B95FE00CFBFB1 /* StateDemoTests */ = {
			isa = PBXNativeTarget;
			buildConfigurationList = 4DEA8F4A2E7B95FE00CFBFB1 /* Build configuration list for PBXNativeTarget "StateDemoTests" */;
			buildPhases = (
				4DEA8F2F2E7B95FE00CFBFB1 /* Sources */,
				4DEA8F302E7B95FE00CFBFB1 /* Frameworks */,
				4DEA8F312E7B95FE00CFBFB1 /* Resources */,
			);
			buildRules = (
			);
			dependencies = (
				4DEA8F352E7B95FE00CFBFB1 /* PBXTargetDependency */,
			);
			fileSystemSynchronizedGroups = (
				4DEA8F362E7B95FE00CFBFB1 /* StateDemoTests */,
			);
			name = StateDemoTests;
			packageProductDependencies = (
			);
			productName = StateDemoTests;
			productReference = 4DEA8F332E7B95FE00CFBFB1 /* StateDemoTests.xctest */;
			productType = "com.apple.product-type.bundle.unit-test";
		};
		4DEA8F3C2E7B95FE00CFBFB1 /* StateDemoUITests */ = {
			isa = PBXNativeTarget;
			buildConfigurationList = 4DEA8F4D2E7B95FE00CFBFB1 /* Build configuration list for PBXNativeTarget "StateDemoUITests" */;
			buildPhases = (
				4DEA8F392E7B95FE00CFBFB1 /* Sources */,
				4DEA8F3A2E7B95FE00CFBFB1 /* Frameworks */,
				4DEA8F3B2E7B95FE00CFBFB1 /* Resources */,
			);
			buildRules = (
			);
			dependencies = (
				4DEA8F3F2E7B95FE00CFBFB1 /* PBXTargetDependency */,
			);
			fileSystemSynchronizedGroups = (
				4DEA8F402E7B95FE00CFBFB1 /* StateDemoUITests */,
			);
			name = StateDemoUITests;
			packageProductDependencies = (
			);
			productName = StateDemoUITests;
			productReference = 4DEA8F3D2E7B95FE00CFBFB1 /* StateDemoUITests.xctest */;
			productType = "com.apple.product-type.bundle.ui-testing";
		};
/* End PBXNativeTarget section */

/* Begin PBXProject section */
		4DEA8F1B2E7B95FC00CFBFB1 /* Project object */ = {
			isa = PBXProject;
			attributes = {
				BuildIndependentTargetsInParallel = 1;
				LastSwiftUpdateCheck = 1600;
				LastUpgradeCheck = 1600;
				TargetAttributes = {
					4DEA8F222E7B95FC00CFBFB1 = {
						CreatedOnToolsVersion = 16.0;
					};
					4DEA8F322E7B95FE00CFBFB1 = {
						CreatedOnToolsVersion = 16.0;
						TestTargetID = 4DEA8F222E7B95FC00CFBFB1;
					};
					4DEA8F3C2E7B95FE00CFBFB1 = {
						CreatedOnToolsVersion = 16.0;
						TestTargetID = 4DEA8F222E7B95FC00CFBFB1;
					};
				};
			};
			buildConfigurationList = 4DEA8F1E2E7B95FC00CFBFB1 /* Build configuration list for PBXProject "StateDemo" */;
			developmentRegion = en;
			hasScannedForEncodings = 0;
			knownRegions = (
				en,
				Base,
			);
			mainGroup = 4DEA8F1A2E7B95FC00CFBFB1;
			minimizedProjectReferenceProxies = 1;
			preferredProjectObjectVersion = 77;
			productRefGroup = 4DEA8F242E7B95FC00CFBFB1 /* Products */;
			projectDirPath = "";
			projectRoot = "";
			targets = (
				4DEA8F222E7B95FC00CFBFB1 /* StateDemo */,
				4DEA8F322E7B95FE00CFBFB1 /* StateDemoTests */,
				4DEA8F3C2E7B95FE00CFBFB1 /* StateDemoUITests */,
			);
		};
/* End PBXProject section */

/* Begin PBXResourcesBuildPhase section */
		4DEA8F212E7B95FC00CFBFB1 /* Resources */ = {
			isa = PBXResourcesBuildPhase;
			buildActionMask = 2147483647;
			files = (
			);
			runOnlyForDeploymentPostprocessing = 0;
		};
		4DEA8F312E7B95FE00CFBFB1 /* Resources */ = {
			isa = PBXResourcesBuildPhase;
			buildActionMask = 2147483647;
			files = (
			);
			runOnlyForDeploymentPostprocessing = 0;
		};
		4DEA8F3B2E7B95FE00CFBFB1 /* Resources */ = {
			isa = PBXResourcesBuildPhase;
			buildActionMask = 2147483647;
			files = (
			);
			runOnlyForDeploymentPostprocessing = 0;
		};
/* End PBXResourcesBuildPhase section */

/* Begin PBXSourcesBuildPhase section */
		4DEA8F1F2E7B95FC00CFBFB1 /* Sources */ = {
			isa = PBXSourcesBuildPhase;
			buildActionMask = 2147483647;
			files = (
			);
			runOnlyForDeploymentPostprocessing = 0;
		};
		4DEA8F2F2E7B95FE00CFBFB1 /* Sources */ = {
			isa = PBXSourcesBuildPhase;
			buildActionMask = 2147483647;
			files = (
			);
			runOnlyForDeploymentPostprocessing = 0;
		};
		4DEA8F392E7B95FE00CFBFB1 /* Sources */ = {
			isa = PBXSourcesBuildPhase;
			buildActionMask = 2147483647;
			files = (
			);
			runOnlyForDeploymentPostprocessing = 0;
		};
/* End PBXSourcesBuildPhase section */

/* Begin PBXTargetDependency section */
		4DEA8F352E7B95FE00CFBFB1 /* PBXTargetDependency */ = {
			isa = PBXTargetDependency;
			target = 4DEA8F222E7B95FC00CFBFB1 /* StateDemo */;
			targetProxy = 4DEA8F342E7B95FE00CFBFB1 /* PBXContainerItemProxy */;
		};
		4DEA8F3F2E7B95FE00CFBFB1 /* PBXTargetDependency */ = {
			isa = PBXTargetDependency;
			target = 4DEA8F222E7B95FC00CFBFB1 /* StateDemo */;
			targetProxy = 4DEA8F3E2E7B95FE00CFBFB1 /* PBXContainerItemProxy */;
		};
/* End PBXTargetDependency section */

/* Begin XCBuildConfiguration section */
		4DEA8F452E7B95FE00CFBFB1 /* Debug */ = {
			isa = XCBuildConfiguration;
			buildSettings = {
				ALWAYS_SEARCH_USER_PATHS = NO;
				ASSETCATALOG_COMPILER_GENERATE_SWIFT_ASSET_SYMBOL_EXTENSIONS = YES;
				CLANG_ANALYZER_NONNULL = YES;
				CLANG_ANALYZER_NUMBER_OBJECT_CONVERSION = YES_AGGRESSIVE;
				CLANG_CXX_LANGUAGE_STANDARD = "gnu++20";
				CLANG_ENABLE_MODULES = YES;
				CLANG_ENABLE_OBJC_ARC = YES;
				CLANG_ENABLE_OBJC_WEAK = YES;
				CLANG_WARN_BLOCK_CAPTURE_AUTORELEASING = YES;
				CLANG_WARN_BOOL_CONVERSION = YES;
				CLANG_WARN_COMMA = YES;
				CLANG_WARN_CONSTANT_CONVERSION = YES;
				CLANG_WARN_DEPRECATED_OBJC_IMPLEMENTATIONS = YES;
				CLANG_WARN_DIRECT_OBJC_ISA_USAGE = YES_ERROR;
				CLANG_WARN_DOCUMENTATION_COMMENTS = YES;
				CLANG_WARN_EMPTY_BODY = YES;
				CLANG_WARN_ENUM_CONVERSION = YES;
				CLANG_WARN_INFINITE_RECURSION = YES;
				CLANG_WARN_INT_CONVERSION = YES;
				CLANG_WARN_NON_LITERAL_NULL_CONVERSION = YES;
				CLANG_WARN_OBJC_IMPLICIT_RETAIN_SELF = YES;
				CLANG_WARN_OBJC_LITERAL_CONVERSION = YES;
				CLANG_WARN_OBJC_ROOT_CLASS = YES_ERROR;
				CLANG_WARN_QUOTED_INCLUDE_IN_FRAMEWORK_HEADER = YES;
				CLANG_WARN_RANGE_LOOP_ANALYSIS = YES;
				CLANG_WARN_STRICT_PROTOTYPES = YES;
				CLANG_WARN_SUSPICIOUS_MOVE = YES;
				CLANG_WARN_UNGUARDED_AVAILABILITY = YES_AGGRESSIVE;
				CLANG_WARN_UNREACHABLE_CODE = YES;
				CLANG_WARN__DUPLICATE_METHOD_MATCH = YES;
				COPY_PHASE_STRIP = NO;
				DEBUG_INFORMATION_FORMAT = dwarf;
				ENABLE_STRICT_OBJC_MSGSEND = YES;
				ENABLE_TESTABILITY = YES;
				ENABLE_USER_SCRIPT_SANDBOXING = YES;
				GCC_C_LANGUAGE_STANDARD = gnu17;
				GCC_DYNAMIC_NO_PIC = NO;
				GCC_NO_COMMON_BLOCKS = YES;
				GCC_OPTIMIZATION_LEVEL = 0;
				GCC_PREPROCESSOR_DEFINITIONS = (
					"DEBUG=1",
					"$(inherited)",
				);
				GCC_WARN_64_TO_32_BIT_CONVERSION = YES;
				GCC_WARN_ABOUT_RETURN_TYPE = YES_ERROR;
				GCC_WARN_UNDECLARED_SELECTOR = YES;
				GCC_WARN_UNINITIALIZED_AUTOS = YES_AGGRESSIVE;
				GCC_WARN_UNUSED_FUNCTION = YES;
				GCC_WARN_UNUSED_VARIABLE = YES;
				IPHONEOS_DEPLOYMENT_TARGET = 18.0;
				LOCALIZATION_PREFERS_STRING_CATALOGS = YES;
				MTL_ENABLE_DEBUG_INFO = INCLUDE_SOURCE;
				MTL_FAST_MATH = YES;
				ONLY_ACTIVE_ARCH = YES;
				SDKROOT = iphoneos;
				SWIFT_ACTIVE_COMPILATION_CONDITIONS = "DEBUG $(inherited)";
				SWIFT_OPTIMIZATION_LEVEL = "-Onone";
			};
			name = Debug;
		};
		4DEA8F462E7B95FE00CFBFB1 /* Release */ = {
			isa = XCBuildConfiguration;
			buildSettings = {
				ALWAYS_SEARCH_USER_PATHS = NO;
				ASSETCATALOG_COMPILER_GENERATE_SWIFT_ASSET_SYMBOL_EXTENSIONS = YES;
				CLANG_ANALYZER_NONNULL = YES;
				CLANG_ANALYZER_NUMBER_OBJECT_CONVERSION = YES_AGGRESSIVE;
				CLANG_CXX_LANGUAGE_STANDARD = "gnu++20";
				CLANG_ENABLE_MODULES = YES;
				CLANG_ENABLE_OBJC_ARC = YES;
				CLANG_ENABLE_OBJC_WEAK = YES;
				CLANG_WARN_BLOCK_CAPTURE_AUTORELEASING = YES;
				CLANG_WARN_BOOL_CONVERSION = YES;
				CLANG_WARN_COMMA = YES;
				CLANG_WARN_CONSTANT_CONVERSION = YES;
				CLANG_WARN_DEPRECATED_OBJC_IMPLEMENTATIONS = YES;
				CLANG_WARN_DIRECT_OBJC_ISA_USAGE = YES_ERROR;
				CLANG_WARN_DOCUMENTATION_COMMENTS = YES;
				CLANG_WARN_EMPTY_BODY = YES;
				CLANG_WARN_ENUM_CONVERSION = YES;
				CLANG_WARN_INFINITE_RECURSION = YES;
				CLANG_WARN_INT_CONVERSION = YES;
				CLANG_WARN_NON_LITERAL_NULL_CONVERSION = YES;
				CLANG_WARN_OBJC_IMPLICIT_RETAIN_SELF = YES;
				CLANG_WARN_OBJC_LITERAL_CONVERSION = YES;
				CLANG_WARN_OBJC_ROOT_CLASS = YES_ERROR;
				CLANG_WARN_QUOTED_INCLUDE_IN_FRAMEWORK_HEADER = YES;
				CLANG_WARN_RANGE_LOOP_ANALYSIS = YES;
				CLANG_WARN_STRICT_PROTOTYPES = YES;
				CLANG_WARN_SUSPICIOUS_MOVE = YES;
				CLANG_WARN_UNGUARDED_AVAILABILITY = YES_AGGRESSIVE;
				CLANG_WARN_UNREACHABLE_CODE = YES;
				CLANG_WARN__DUPLICATE_METHOD_MATCH = YES;
				COPY_PHASE_STRIP = NO;
				DEBUG_INFORMATION_FORMAT = "dwarf-with-dsym";
				ENABLE_NS_ASSERTIONS = NO;
				ENABLE_STRICT_OBJC_MSGSEND = YES;
				ENABLE_USER_SCRIPT_SANDBOXING = YES;
				GCC_C_LANGUAGE_STANDARD = gnu17;
				GCC_NO_COMMON_BLOCKS = YES;
				GCC_WARN_64_TO_32_BIT_CONVERSION = YES;
				GCC_WARN_ABOUT_RETURN_TYPE = YES_ERROR;
				GCC_WARN_UNDECLARED_SELECTOR = YES;
				GCC_WARN_UNINITIALIZED_AUTOS = YES_AGGRESSIVE;
				GCC_WARN_UNUSED_FUNCTION = YES;
				GCC_WARN_UNUSED_VARIABLE = YES;
				IPHONEOS_DEPLOYMENT_TARGET = 18.0;
				LOCALIZATION_PREFERS_STRING_CATALOGS = YES;
				MTL_ENABLE_DEBUG_INFO = NO;
				MTL_FAST_MATH = YES;
				SDKROOT = iphoneos;
				SWIFT_COMPILATION_MODE = wholemodule;
				VALIDATE_PRODUCT = YES;
			};
			name = Release;
		};
		4DEA8F482E7B95FE00CFBFB1 /* Debug */ = {
			isa = XCBuildConfiguration;
			buildSettings = {
				ASSETCATALOG_COMPILER_APPICON_NAME = AppIcon;
				ASSETCATALOG_COMPILER_GLOBAL_ACCENT_COLOR_NAME = AccentColor;
				CODE_SIGN_STYLE = Automatic;
				CURRENT_PROJECT_VERSION = 1;
				DEVELOPMENT_ASSET_PATHS = "\"StateDemo/Preview Content\"";
				ENABLE_PREVIEWS = YES;
				GENERATE_INFOPLIST_FILE = YES;
				INFOPLIST_KEY_UIApplicationSceneManifest_Generation = YES;
				INFOPLIST_KEY_UIApplicationSupportsIndirectInputEvents = YES;
				INFOPLIST_KEY_UILaunchScreen_Generation = YES;
				INFOPLIST_KEY_UISupportedInterfaceOrientations_iPad = "UIInterfaceOrientationPortrait UIInterfaceOrientationPortraitUpsideDown UIInterfaceOrientationLandscapeLeft UIInterfaceOrientationLandscapeRight";
				INFOPLIST_KEY_UISupportedInterfaceOrientations_iPhone = "UIInterfaceOrientationPortrait UIInterfaceOrientationLandscapeLeft UIInterfaceOrientationLandscapeRight";
				LD_RUNPATH_SEARCH_PATHS = (
					"$(inherited)",
					"@executable_path/Frameworks",
				);
				MARKETING_VERSION = 1.0;
				PRODUCT_BUNDLE_IDENTIFIER = edu.usc.StateDemo;
				PRODUCT_NAME = "$(TARGET_NAME)";
				SWIFT_EMIT_LOC_STRINGS = YES;
				SWIFT_VERSION = 5.0;
				TARGETED_DEVICE_FAMILY = "1,2";
			};
			name = Debug;
		};
		4DEA8F492E7B95FE00CFBFB1 /* Release */ = {
			isa = XCBuildConfiguration;
			buildSettings = {
				ASSETCATALOG_COMPILER_APPICON_NAME = AppIcon;
				ASSETCATALOG_COMPILER_GLOBAL_ACCENT_COLOR_NAME = AccentColor;
				CODE_SIGN_STYLE = Automatic;
				CURRENT_PROJECT_VERSION = 1;
				DEVELOPMENT_ASSET_PATHS = "\"StateDemo/Preview Content\"";
				ENABLE_PREVIEWS = YES;
				GENERATE_INFOPLIST_FILE = YES;
				INFOPLIST_KEY_UIApplicationSceneManifest_Generation = YES;
				INFOPLIST_KEY_UIApplicationSupportsIndirectInputEvents = YES;
				INFOPLIST_KEY_UILaunchScreen_Generation = YES;
				INFOPLIST_KEY_UISupportedInterfaceOrientations_iPad = "UIInterfaceOrientationPortrait UIInterfaceOrientationPortraitUpsideDown UIInterfaceOrientationLandscapeLeft UIInterfaceOrientationLandscapeRight";
				INFOPLIST_KEY_UISupportedInterfaceOrientations_iPhone = "UIInterfaceOrientationPortrait UIInterfaceOrientationLandscapeLeft UIInterfaceOrientationLandscapeRight";
				LD_RUNPATH_SEARCH_PATHS = (
					"$(inherited)",
					"@executable_path/Frameworks",
				);
				MARKETING_VERSION = 1.0;
				PRODUCT_BUNDLE_IDENTIFIER = edu.usc.StateDemo;
				PRODUCT_NAME = "$(TARGET_NAME)";
				SWIFT_EMIT_LOC_STRINGS = YES;
				SWIFT_VERSION = 5.0;
				TARGETED_DEVICE_FAMILY = "1,2";
			};
			name = Release;
		};
		4DEA8F4B2E7B95FE00CFBFB1 /* Debug */ = {
			isa = XCBuildConfiguration;
			buildSettings = {
				BUNDLE_LOADER = "$(TEST_HOST)";
				CODE_SIGN_STYLE = Automatic;
				CURRENT_PROJECT_VERSION = 1;
				GENERATE_INFOPLIST_FILE = YES;
				IPHONEOS_DEPLOYMENT_TARGET = 18.0;
				MARKETING_VERSION = 1.0;
				PRODUCT_BUNDLE_IDENTIFIER = edu.usc.StateDemoTests;
				PRODUCT_NAME = "$(TARGET_NAME)";
				SWIFT_EMIT_LOC_STRINGS = NO;
				SWIFT_VERSION = 5.0;
				TARGETED_DEVICE_FAMILY = "1,2";
				TEST_HOST = "$(BUILT_PRODUCTS_DIR)/StateDemo.app/$(BUNDLE_EXECUTABLE_FOLDER_PATH)/StateDemo";
			};
			name = Debug;
		};
		4DEA8F4C2E7B95FE00CFBFB1 /* Release */ = {
			isa = XCBuildConfiguration;
			buildSettings = {
				BUNDLE_LOADER = "$(TEST_HOST)";
				CODE_SIGN_STYLE = Automatic;
				CURRENT_PROJECT_VERSION = 1;
				GENERATE_INFOPLIST_FILE = YES;
				IPHONEOS_DEPLOYMENT_TARGET = 18.0;
				MARKETING_VERSION = 1.0;
				PRODUCT_BUNDLE_IDENTIFIER = edu.usc.StateDemoTests;
				PRODUCT_NAME = "$(TARGET_NAME)";
				SWIFT_EMIT_LOC_STRINGS = NO;
				SWIFT_VERSION = 5.0;
				TARGETED_DEVICE_FAMILY = "1,2";
				TEST_HOST = "$(BUILT_PRODUCTS_DIR)/StateDemo.app/$(BUNDLE_EXECUTABLE_FOLDER_PATH)/StateDemo";
			};
			name = Release;
		};
		4DEA8F4E2E7B95FE00CFBFB1 /* Debug */ = {
			isa = XCBuildConfiguration;
			buildSettings = {
				CODE_SIGN_STYLE = Automatic;
				CURRENT_PROJECT_VERSION = 1;
				GENERATE_INFOPLIST_FILE = YES;
				MARKETING_VERSION = 1.0;
				PRODUCT_BUNDLE_IDENTIFIER = edu.usc.StateDemoUITests;
				PRODUCT_NAME = "$(TARGET_NAME)";
				SWIFT_EMIT_LOC_STRINGS = NO;
				SWIFT_VERSION = 5.0;
				TARGETED_DEVICE_FAMILY = "1,2";
				TEST_TARGET_NAME = StateDemo;
			};
			name = Debug;
		};
		4DEA8F4F2E7B95FE00CFBFB1 /* Release */ = {
			isa = XCBuildConfiguration;
			buildSettings = {
				CODE_SIGN_STYLE = Automatic;
				CURRENT_PROJECT_VERSION = 1;
				GENERATE_INFOPLIST_FILE = YES;
				MARKETING_VERSION = 1.0;
				PRODUCT_BUNDLE_IDENTIFIER = edu.usc.StateDemoUITests;
				PRODUCT_NAME = "$(TARGET_NAME)";
				SWIFT_EMIT_LOC_STRINGS = NO;
				SWIFT_VERSION = 5.0;
				TARGETED_DEVICE_FAMILY = "1,2";
				TEST_TARGET_NAME = StateDemo;
			};
			name = Release;
		};
/* End XCBuildConfiguration section */

/* Begin XCConfigurationList section */
		4DEA8F1E2E7B95FC00CFBFB1 /* Build configuration list for PBXProject "StateDemo" */ = {
			isa = XCConfigurationList;
			buildConfigurations = (
				4DEA8F452E7B95FE00CFBFB1 /* Debug */,
				4DEA8F462E7B95FE00CFBFB1 /* Release */,
			);
			defaultConfigurationIsVisible = 0;
			defaultConfigurationName = Release;
		};
		4DEA8F472E7B95FE00CFBFB1 /* Build configuration list for PBXNativeTarget "StateDemo" */ = {
			isa = XCConfigurationList;
			buildConfigurations = (
				4DEA8F482E7B95FE00CFBFB1 /* Debug */,
				4DEA8F492E7B95FE00CFBFB1 /* Release */,
			);
			defaultConfigurationIsVisible = 0;
			defaultConfigurationName = Release;
		};
		4DEA8F4A2E7B95FE00CFBFB1 /* Build configuration list for PBXNativeTarget "StateDemoTests" */ = {
			isa = XCConfigurationList;
			buildConfigurations = (
				4DEA8F4B2E7B95FE00CFBFB1 /* Debug */,
				4DEA8F4C2E7B95FE00CFBFB1 /* Release */,
			);
			defaultConfigurationIsVisible = 0;
			defaultConfigurationName = Release;
		};
		4DEA8F4D2E7B95FE00CFBFB1 /* Build configuration list for PBXNativeTarget "StateDemoUITests" */ = {
			isa = XCConfigurationList;
			buildConfigurations = (
				4DEA8F4E2E7B95FE00CFBFB1 /* Debug */,
				4DEA8F4F2E7B95FE00CFBFB1 /* Release */,
			);
			defaultConfigurationIsVisible = 0;
			defaultConfigurationName = Release;
		};
/* End XCConfigurationList section */
	};
	rootObject = 4DEA8F1B2E7B95FC00CFBFB1 /* Project object */;
}
