// !$*UTF8*$!
{
	archiveVersion = 1;
	classes = {
	};
	objectVersion = 77;
	objects = {

/* Begin PBXContainerItemProxy section */
		4D4C78AB2E88AD3100A34DD4 /* PBXContainerItemProxy */ = {
			isa = PBXContainerItemProxy;
			containerPortal = 4D4C78952E88AD2F00A34DD4 /* Project object */;
			proxyType = 1;
			remoteGlobalIDString = 4D4C789C2E88AD2F00A34DD4;
			remoteInfo = MvvmDemo;
		};
		4D4C78B52E88AD3100A34DD4 /* PBXContainerItemProxy */ = {
			isa = PBXContainerItemProxy;
			containerPortal = 4D4C78952E88AD2F00A34DD4 /* Project object */;
			proxyType = 1;
			remoteGlobalIDString = 4D4C789C2E88AD2F00A34DD4;
			remoteInfo = MvvmDemo;
		};
		4D4C78D62E88BEC000A34DD4 /* PBXContainerItemProxy */ = {
			isa = PBXContainerItemProxy;
			containerPortal = 4D4C78952E88AD2F00A34DD4 /* Project object */;
			proxyType = 1;
			remoteGlobalIDString = 4D4C789C2E88AD2F00A34DD4;
			remoteInfo = MvvmDemo;
		};
/* End PBXContainerItemProxy section */

/* Begin PBXFileReference section */
		4D4C789D2E88AD2F00A34DD4 /* MvvmDemo.app */ = {isa = PBXFileReference; explicitFileType = wrapper.application; includeInIndex = 0; path = MvvmDemo.app; sourceTree = BUILT_PRODUCTS_DIR; };
		4D4C78AA2E88AD3100A34DD4 /* MvvmDemoTests.xctest */ = {isa = PBXFileReference; explicitFileType = wrapper.cfbundle; includeInIndex = 0; path = MvvmDemoTests.xctest; sourceTree = BUILT_PRODUCTS_DIR; };
		4D4C78B42E88AD3100A34DD4 /* MvvmDemoUITests.xctest */ = {isa = PBXFileReference; explicitFileType = wrapper.cfbundle; includeInIndex = 0; path = MvvmDemoUITests.xctest; sourceTree = BUILT_PRODUCTS_DIR; };
		4D4C78D22E88BEC000A34DD4 /* MvvmDemoXCTests.xctest */ = {isa = PBXFileReference; explicitFileType = wrapper.cfbundle; includeInIndex = 0; path = MvvmDemoXCTests.xctest; sourceTree = BUILT_PRODUCTS_DIR; };
/* End PBXFileReference section */

/* Begin PBXFileSystemSynchronizedBuildFileExceptionSet section */
		4D4C78DE2E88BF8000A34DD4 /* Exceptions for "MvvmDemo" folder in "MvvmDemoXCTests" target */ = {
			isa = PBXFileSystemSynchronizedBuildFileExceptionSet;
			membershipExceptions = (
				Model/Student.swift,
			);
			target = 4D4C78D12E88BEC000A34DD4 /* MvvmDemoXCTests */;
		};
/* End PBXFileSystemSynchronizedBuildFileExceptionSet section */

/* Begin PBXFileSystemSynchronizedRootGroup section */
		4D4C789F2E88AD2F00A34DD4 /* MvvmDemo */ = {
			isa = PBXFileSystemSynchronizedRootGroup;
			exceptions = (
				4D4C78DE2E88BF8000A34DD4 /* Exceptions for "MvvmDemo" folder in "MvvmDemoXCTests" target */,
			);
			path = MvvmDemo;
			sourceTree = "<group>";
		};
		4D4C78AD2E88AD3100A34DD4 /* MvvmDemoTests */ = {
			isa = PBXFileSystemSynchronizedRootGroup;
			path = MvvmDemoTests;
			sourceTree = "<group>";
		};
		4D4C78B72E88AD3100A34DD4 /* MvvmDemoUITests */ = {
			isa = PBXFileSystemSynchronizedRootGroup;
			path = MvvmDemoUITests;
			sourceTree = "<group>";
		};
		4D4C78D32E88BEC000A34DD4 /* MvvmDemoXCTests */ = {
			isa = PBXFileSystemSynchronizedRootGroup;
			path = MvvmDemoXCTests;
			sourceTree = "<group>";
		};
/* End PBXFileSystemSynchronizedRootGroup section */

/* Begin PBXFrameworksBuildPhase section */
		4D4C789A2E88AD2F00A34DD4 /* Frameworks */ = {
			isa = PBXFrameworksBuildPhase;
			buildActionMask = 2147483647;
			files = (
			);
			runOnlyForDeploymentPostprocessing = 0;
		};
		4D4C78A72E88AD3100A34DD4 /* Frameworks */ = {
			isa = PBXFrameworksBuildPhase;
			buildActionMask = 2147483647;
			files = (
			);
			runOnlyForDeploymentPostprocessing = 0;
		};
		4D4C78B12E88AD3100A34DD4 /* Frameworks */ = {
			isa = PBXFrameworksBuildPhase;
			buildActionMask = 2147483647;
			files = (
			);
			runOnlyForDeploymentPostprocessing = 0;
		};
		4D4C78CF2E88BEC000A34DD4 /* Frameworks */ = {
			isa = PBXFrameworksBuildPhase;
			buildActionMask = 2147483647;
			files = (
			);
			runOnlyForDeploymentPostprocessing = 0;
		};
/* End PBXFrameworksBuildPhase section */

/* Begin PBXGroup section */
		4D4C78942E88AD2F00A34DD4 = {
			isa = PBXGroup;
			children = (
				4D4C789F2E88AD2F00A34DD4 /* MvvmDemo */,
				4D4C78AD2E88AD3100A34DD4 /* MvvmDemoTests */,
				4D4C78B72E88AD3100A34DD4 /* MvvmDemoUITests */,
				4D4C78D32E88BEC000A34DD4 /* MvvmDemoXCTests */,
				4D4C789E2E88AD2F00A34DD4 /* Products */,
			);
			sourceTree = "<group>";
		};
		4D4C789E2E88AD2F00A34DD4 /* Products */ = {
			isa = PBXGroup;
			children = (
				4D4C789D2E88AD2F00A34DD4 /* MvvmDemo.app */,
				4D4C78AA2E88AD3100A34DD4 /* MvvmDemoTests.xctest */,
				4D4C78B42E88AD3100A34DD4 /* MvvmDemoUITests.xctest */,
				4D4C78D22E88BEC000A34DD4 /* MvvmDemoXCTests.xctest */,
			);
			name = Products;
			sourceTree = "<group>";
		};
/* End PBXGroup section */

/* Begin PBXNativeTarget section */
		4D4C789C2E88AD2F00A34DD4 /* MvvmDemo */ = {
			isa = PBXNativeTarget;
			buildConfigurationList = 4D4C78BE2E88AD3100A34DD4 /* Build configuration list for PBXNativeTarget "MvvmDemo" */;
			buildPhases = (
				4D4C78992E88AD2F00A34DD4 /* Sources */,
				4D4C789A2E88AD2F00A34DD4 /* Frameworks */,
				4D4C789B2E88AD2F00A34DD4 /* Resources */,
			);
			buildRules = (
			);
			dependencies = (
			);
			fileSystemSynchronizedGroups = (
				4D4C789F2E88AD2F00A34DD4 /* MvvmDemo */,
			);
			name = MvvmDemo;
			packageProductDependencies = (
			);
			productName = MvvmDemo;
			productReference = 4D4C789D2E88AD2F00A34DD4 /* MvvmDemo.app */;
			productType = "com.apple.product-type.application";
		};
		4D4C78A92E88AD3100A34DD4 /* MvvmDemoTests */ = {
			isa = PBXNativeTarget;
			buildConfigurationList = 4D4C78C12E88AD3100A34DD4 /* Build configuration list for PBXNativeTarget "MvvmDemoTests" */;
			buildPhases = (
				4D4C78A62E88AD3100A34DD4 /* Sources */,
				4D4C78A72E88AD3100A34DD4 /* Frameworks */,
				4D4C78A82E88AD3100A34DD4 /* Resources */,
			);
			buildRules = (
			);
			dependencies = (
				4D4C78AC2E88AD3100A34DD4 /* PBXTargetDependency */,
			);
			fileSystemSynchronizedGroups = (
				4D4C78AD2E88AD3100A34DD4 /* MvvmDemoTests */,
			);
			name = MvvmDemoTests;
			packageProductDependencies = (
			);
			productName = MvvmDemoTests;
			productReference = 4D4C78AA2E88AD3100A34DD4 /* MvvmDemoTests.xctest */;
			productType = "com.apple.product-type.bundle.unit-test";
		};
		4D4C78B32E88AD3100A34DD4 /* MvvmDemoUITests */ = {
			isa = PBXNativeTarget;
			buildConfigurationList = 4D4C78C42E88AD3100A34DD4 /* Build configuration list for PBXNativeTarget "MvvmDemoUITests" */;
			buildPhases = (
				4D4C78B02E88AD3100A34DD4 /* Sources */,
				4D4C78B12E88AD3100A34DD4 /* Frameworks */,
				4D4C78B22E88AD3100A34DD4 /* Resources */,
			);
			buildRules = (
			);
			dependencies = (
				4D4C78B62E88AD3100A34DD4 /* PBXTargetDependency */,
			);
			fileSystemSynchronizedGroups = (
				4D4C78B72E88AD3100A34DD4 /* MvvmDemoUITests */,
			);
			name = MvvmDemoUITests;
			packageProductDependencies = (
			);
			productName = MvvmDemoUITests;
			productReference = 4D4C78B42E88AD3100A34DD4 /* MvvmDemoUITests.xctest */;
			productType = "com.apple.product-type.bundle.ui-testing";
		};
		4D4C78D12E88BEC000A34DD4 /* MvvmDemoXCTests */ = {
			isa = PBXNativeTarget;
			buildConfigurationList = 4D4C78D82E88BEC000A34DD4 /* Build configuration list for PBXNativeTarget "MvvmDemoXCTests" */;
			buildPhases = (
				4D4C78CE2E88BEC000A34DD4 /* Sources */,
				4D4C78CF2E88BEC000A34DD4 /* Frameworks */,
				4D4C78D02E88BEC000A34DD4 /* Resources */,
			);
			buildRules = (
			);
			dependencies = (
				4D4C78D72E88BEC000A34DD4 /* PBXTargetDependency */,
			);
			fileSystemSynchronizedGroups = (
				4D4C78D32E88BEC000A34DD4 /* MvvmDemoXCTests */,
			);
			name = MvvmDemoXCTests;
			packageProductDependencies = (
			);
			productName = MvvmDemoXCTests;
			productReference = 4D4C78D22E88BEC000A34DD4 /* MvvmDemoXCTests.xctest */;
			productType = "com.apple.product-type.bundle.unit-test";
		};
/* End PBXNativeTarget section */

/* Begin PBXProject section */
		4D4C78952E88AD2F00A34DD4 /* Project object */ = {
			isa = PBXProject;
			attributes = {
				BuildIndependentTargetsInParallel = 1;
				LastSwiftUpdateCheck = 2600;
				LastUpgradeCheck = 2600;
				TargetAttributes = {
					4D4C789C2E88AD2F00A34DD4 = {
						CreatedOnToolsVersion = 26.0;
					};
					4D4C78A92E88AD3100A34DD4 = {
						CreatedOnToolsVersion = 26.0;
						TestTargetID = 4D4C789C2E88AD2F00A34DD4;
					};
					4D4C78B32E88AD3100A34DD4 = {
						CreatedOnToolsVersion = 26.0;
						TestTargetID = 4D4C789C2E88AD2F00A34DD4;
					};
					4D4C78D12E88BEC000A34DD4 = {
						CreatedOnToolsVersion = 26.0;
						TestTargetID = 4D4C789C2E88AD2F00A34DD4;
					};
				};
			};
			buildConfigurationList = 4D4C78982E88AD2F00A34DD4 /* Build configuration list for PBXProject "MvvmDemo" */;
			developmentRegion = en;
			hasScannedForEncodings = 0;
			knownRegions = (
				en,
				Base,
			);
			mainGroup = 4D4C78942E88AD2F00A34DD4;
			minimizedProjectReferenceProxies = 1;
			preferredProjectObjectVersion = 77;
			productRefGroup = 4D4C789E2E88AD2F00A34DD4 /* Products */;
			projectDirPath = "";
			projectRoot = "";
			targets = (
				4D4C789C2E88AD2F00A34DD4 /* MvvmDemo */,
				4D4C78A92E88AD3100A34DD4 /* MvvmDemoTests */,
				4D4C78B32E88AD3100A34DD4 /* MvvmDemoUITests */,
				4D4C78D12E88BEC000A34DD4 /* MvvmDemoXCTests */,
			);
		};
/* End PBXProject section */

/* Begin PBXResourcesBuildPhase section */
		4D4C789B2E88AD2F00A34DD4 /* Resources */ = {
			isa = PBXResourcesBuildPhase;
			buildActionMask = 2147483647;
			files = (
			);
			runOnlyForDeploymentPostprocessing = 0;
		};
		4D4C78A82E88AD3100A34DD4 /* Resources */ = {
			isa = PBXResourcesBuildPhase;
			buildActionMask = 2147483647;
			files = (
			);
			runOnlyForDeploymentPostprocessing = 0;
		};
		4D4C78B22E88AD3100A34DD4 /* Resources */ = {
			isa = PBXResourcesBuildPhase;
			buildActionMask = 2147483647;
			files = (
			);
			runOnlyForDeploymentPostprocessing = 0;
		};
		4D4C78D02E88BEC000A34DD4 /* Resources */ = {
			isa = PBXResourcesBuildPhase;
			buildActionMask = 2147483647;
			files = (
			);
			runOnlyForDeploymentPostprocessing = 0;
		};
/* End PBXResourcesBuildPhase section */

/* Begin PBXSourcesBuildPhase section */
		4D4C78992E88AD2F00A34DD4 /* Sources */ = {
			isa = PBXSourcesBuildPhase;
			buildActionMask = 2147483647;
			files = (
			);
			runOnlyForDeploymentPostprocessing = 0;
		};
		4D4C78A62E88AD3100A34DD4 /* Sources */ = {
			isa = PBXSourcesBuildPhase;
			buildActionMask = 2147483647;
			files = (
			);
			runOnlyForDeploymentPostprocessing = 0;
		};
		4D4C78B02E88AD3100A34DD4 /* Sources */ = {
			isa = PBXSourcesBuildPhase;
			buildActionMask = 2147483647;
			files = (
			);
			runOnlyForDeploymentPostprocessing = 0;
		};
		4D4C78CE2E88BEC000A34DD4 /* Sources */ = {
			isa = PBXSourcesBuildPhase;
			buildActionMask = 2147483647;
			files = (
			);
			runOnlyForDeploymentPostprocessing = 0;
		};
/* End PBXSourcesBuildPhase section */

/* Begin PBXTargetDependency section */
		4D4C78AC2E88AD3100A34DD4 /* PBXTargetDependency */ = {
			isa = PBXTargetDependency;
			target = 4D4C789C2E88AD2F00A34DD4 /* MvvmDemo */;
			targetProxy = 4D4C78AB2E88AD3100A34DD4 /* PBXContainerItemProxy */;
		};
		4D4C78B62E88AD3100A34DD4 /* PBXTargetDependency */ = {
			isa = PBXTargetDependency;
			target = 4D4C789C2E88AD2F00A34DD4 /* MvvmDemo */;
			targetProxy = 4D4C78B52E88AD3100A34DD4 /* PBXContainerItemProxy */;
		};
		4D4C78D72E88BEC000A34DD4 /* PBXTargetDependency */ = {
			isa = PBXTargetDependency;
			target = 4D4C789C2E88AD2F00A34DD4 /* MvvmDemo */;
			targetProxy = 4D4C78D62E88BEC000A34DD4 /* PBXContainerItemProxy */;
		};
/* End PBXTargetDependency section */

/* Begin XCBuildConfiguration section */
		4D4C78BC2E88AD3100A34DD4 /* Debug */ = {
			isa = XCBuildConfiguration;
			buildSettings = {
				ALWAYS_SEARCH_USER_PATHS = NO;
				ASSETCATALOG_COMPILER_GENERATE_SWIFT_ASSET_SYMBOL_EXTENSIONS = YES;
				CLANG_ANALYZER_NONNULL = YES;
				CLANG_ANALYZER_NUMBER_OBJECT_CONVERSION = YES_AGGRESSIVE;
				CLANG_CXX_LANGUAGE_STANDARD = "gnu++20";
				CLANG_ENABLE_MODULES = YES;
				CLANG_ENABLE_OBJC_ARC = YES;
				CLANG_ENABLE_OBJC_WEAK = YES;
				CLANG_WARN_BLOCK_CAPTURE_AUTORELEASING = YES;
				CLANG_WARN_BOOL_CONVERSION = YES;
				CLANG_WARN_COMMA = YES;
				CLANG_WARN_CONSTANT_CONVERSION = YES;
				CLANG_WARN_DEPRECATED_OBJC_IMPLEMENTATIONS = YES;
				CLANG_WARN_DIRECT_OBJC_ISA_USAGE = YES_ERROR;
				CLANG_WARN_DOCUMENTATION_COMMENTS = YES;
				CLANG_WARN_EMPTY_BODY = YES;
				CLANG_WARN_ENUM_CONVERSION = YES;
				CLANG_WARN_INFINITE_RECURSION = YES;
				CLANG_WARN_INT_CONVERSION = YES;
				CLANG_WARN_NON_LITERAL_NULL_CONVERSION = YES;
				CLANG_WARN_OBJC_IMPLICIT_RETAIN_SELF = YES;
				CLANG_WARN_OBJC_LITERAL_CONVERSION = YES;
				CLANG_WARN_OBJC_ROOT_CLASS = YES_ERROR;
				CLANG_WARN_QUOTED_INCLUDE_IN_FRAMEWORK_HEADER = YES;
				CLANG_WARN_RANGE_LOOP_ANALYSIS = YES;
				CLANG_WARN_STRICT_PROTOTYPES = YES;
				CLANG_WARN_SUSPICIOUS_MOVE = YES;
				CLANG_WARN_UNGUARDED_AVAILABILITY = YES_AGGRESSIVE;
				CLANG_WARN_UNREACHABLE_CODE = YES;
				CLANG_WARN__DUPLICATE_METHOD_MATCH = YES;
				COPY_PHASE_STRIP = NO;
				DEBUG_INFORMATION_FORMAT = dwarf;
				ENABLE_STRICT_OBJC_MSGSEND = YES;
				ENABLE_TESTABILITY = YES;
				ENABLE_USER_SCRIPT_SANDBOXING = YES;
				GCC_C_LANGUAGE_STANDARD = gnu17;
				GCC_DYNAMIC_NO_PIC = NO;
				GCC_NO_COMMON_BLOCKS = YES;
				GCC_OPTIMIZATION_LEVEL = 0;
				GCC_PREPROCESSOR_DEFINITIONS = (
					"DEBUG=1",
					"$(inherited)",
				);
				GCC_WARN_64_TO_32_BIT_CONVERSION = YES;
				GCC_WARN_ABOUT_RETURN_TYPE = YES_ERROR;
				GCC_WARN_UNDECLARED_SELECTOR = YES;
				GCC_WARN_UNINITIALIZED_AUTOS = YES_AGGRESSIVE;
				GCC_WARN_UNUSED_FUNCTION = YES;
				GCC_WARN_UNUSED_VARIABLE = YES;
				IPHONEOS_DEPLOYMENT_TARGET = 26.0;
				LOCALIZATION_PREFERS_STRING_CATALOGS = YES;
				MTL_ENABLE_DEBUG_INFO = INCLUDE_SOURCE;
				MTL_FAST_MATH = YES;
				ONLY_ACTIVE_ARCH = YES;
				SDKROOT = iphoneos;
				SWIFT_ACTIVE_COMPILATION_CONDITIONS = "DEBUG $(inherited)";
				SWIFT_OPTIMIZATION_LEVEL = "-Onone";
			};
			name = Debug;
		};
		4D4C78BD2E88AD3100A34DD4 /* Release */ = {
			isa = XCBuildConfiguration;
			buildSettings = {
				ALWAYS_SEARCH_USER_PATHS = NO;
				ASSETCATALOG_COMPILER_GENERATE_SWIFT_ASSET_SYMBOL_EXTENSIONS = YES;
				CLANG_ANALYZER_NONNULL = YES;
				CLANG_ANALYZER_NUMBER_OBJECT_CONVERSION = YES_AGGRESSIVE;
				CLANG_CXX_LANGUAGE_STANDARD = "gnu++20";
				CLANG_ENABLE_MODULES = YES;
				CLANG_ENABLE_OBJC_ARC = YES;
				CLANG_ENABLE_OBJC_WEAK = YES;
				CLANG_WARN_BLOCK_CAPTURE_AUTORELEASING = YES;
				CLANG_WARN_BOOL_CONVERSION = YES;
				CLANG_WARN_COMMA = YES;
				CLANG_WARN_CONSTANT_CONVERSION = YES;
				CLANG_WARN_DEPRECATED_OBJC_IMPLEMENTATIONS = YES;
				CLANG_WARN_DIRECT_OBJC_ISA_USAGE = YES_ERROR;
				CLANG_WARN_DOCUMENTATION_COMMENTS = YES;
				CLANG_WARN_EMPTY_BODY = YES;
				CLANG_WARN_ENUM_CONVERSION = YES;
				CLANG_WARN_INFINITE_RECURSION = YES;
				CLANG_WARN_INT_CONVERSION = YES;
				CLANG_WARN_NON_LITERAL_NULL_CONVERSION = YES;
				CLANG_WARN_OBJC_IMPLICIT_RETAIN_SELF = YES;
				CLANG_WARN_OBJC_LITERAL_CONVERSION = YES;
				CLANG_WARN_OBJC_ROOT_CLASS = YES_ERROR;
				CLANG_WARN_QUOTED_INCLUDE_IN_FRAMEWORK_HEADER = YES;
				CLANG_WARN_RANGE_LOOP_ANALYSIS = YES;
				CLANG_WARN_STRICT_PROTOTYPES = YES;
				CLANG_WARN_SUSPICIOUS_MOVE = YES;
				CLANG_WARN_UNGUARDED_AVAILABILITY = YES_AGGRESSIVE;
				CLANG_WARN_UNREACHABLE_CODE = YES;
				CLANG_WARN__DUPLICATE_METHOD_MATCH = YES;
				COPY_PHASE_STRIP = NO;
				DEBUG_INFORMATION_FORMAT = "dwarf-with-dsym";
				ENABLE_NS_ASSERTIONS = NO;
				ENABLE_STRICT_OBJC_MSGSEND = YES;
				ENABLE_USER_SCRIPT_SANDBOXING = YES;
				GCC_C_LANGUAGE_STANDARD = gnu17;
				GCC_NO_COMMON_BLOCKS = YES;
				GCC_WARN_64_TO_32_BIT_CONVERSION = YES;
				GCC_WARN_ABOUT_RETURN_TYPE = YES_ERROR;
				GCC_WARN_UNDECLARED_SELECTOR = YES;
				GCC_WARN_UNINITIALIZED_AUTOS = YES_AGGRESSIVE;
				GCC_WARN_UNUSED_FUNCTION = YES;
				GCC_WARN_UNUSED_VARIABLE = YES;
				IPHONEOS_DEPLOYMENT_TARGET = 26.0;
				LOCALIZATION_PREFERS_STRING_CATALOGS = YES;
				MTL_ENABLE_DEBUG_INFO = NO;
				MTL_FAST_MATH = YES;
				SDKROOT = iphoneos;
				SWIFT_COMPILATION_MODE = wholemodule;
				VALIDATE_PRODUCT = YES;
			};
			name = Release;
		};
		4D4C78BF2E88AD3100A34DD4 /* Debug */ = {
			isa = XCBuildConfiguration;
			buildSettings = {
				ASSETCATALOG_COMPILER_APPICON_NAME = AppIcon;
				ASSETCATALOG_COMPILER_GLOBAL_ACCENT_COLOR_NAME = AccentColor;
				CODE_SIGN_STYLE = Automatic;
				CURRENT_PROJECT_VERSION = 1;
				ENABLE_PREVIEWS = YES;
				GENERATE_INFOPLIST_FILE = YES;
				INFOPLIST_KEY_UIApplicationSceneManifest_Generation = YES;
				INFOPLIST_KEY_UIApplicationSupportsIndirectInputEvents = YES;
				INFOPLIST_KEY_UILaunchScreen_Generation = YES;
				INFOPLIST_KEY_UISupportedInterfaceOrientations_iPad = "UIInterfaceOrientationPortrait UIInterfaceOrientationPortraitUpsideDown UIInterfaceOrientationLandscapeLeft UIInterfaceOrientationLandscapeRight";
				INFOPLIST_KEY_UISupportedInterfaceOrientations_iPhone = "UIInterfaceOrientationPortrait UIInterfaceOrientationLandscapeLeft UIInterfaceOrientationLandscapeRight";
				LD_RUNPATH_SEARCH_PATHS = (
					"$(inherited)",
					"@executable_path/Frameworks",
				);
				MARKETING_VERSION = 1.0;
				PRODUCT_BUNDLE_IDENTIFIER = edu.usc.MvvmDemo;
				PRODUCT_NAME = "$(TARGET_NAME)";
				STRING_CATALOG_GENERATE_SYMBOLS = YES;
				SWIFT_APPROACHABLE_CONCURRENCY = YES;
				SWIFT_DEFAULT_ACTOR_ISOLATION = MainActor;
				SWIFT_EMIT_LOC_STRINGS = YES;
				SWIFT_UPCOMING_FEATURE_MEMBER_IMPORT_VISIBILITY = YES;
				SWIFT_VERSION = 5.0;
				TARGETED_DEVICE_FAMILY = "1,2";
			};
			name = Debug;
		};
		4D4C78C02E88AD3100A34DD4 /* Release */ = {
			isa = XCBuildConfiguration;
			buildSettings = {
				ASSETCATALOG_COMPILER_APPICON_NAME = AppIcon;
				ASSETCATALOG_COMPILER_GLOBAL_ACCENT_COLOR_NAME = AccentColor;
				CODE_SIGN_STYLE = Automatic;
				CURRENT_PROJECT_VERSION = 1;
				ENABLE_PREVIEWS = YES;
				GENERATE_INFOPLIST_FILE = YES;
				INFOPLIST_KEY_UIApplicationSceneManifest_Generation = YES;
				INFOPLIST_KEY_UIApplicationSupportsIndirectInputEvents = YES;
				INFOPLIST_KEY_UILaunchScreen_Generation = YES;
				INFOPLIST_KEY_UISupportedInterfaceOrientations_iPad = "UIInterfaceOrientationPortrait UIInterfaceOrientationPortraitUpsideDown UIInterfaceOrientationLandscapeLeft UIInterfaceOrientationLandscapeRight";
				INFOPLIST_KEY_UISupportedInterfaceOrientations_iPhone = "UIInterfaceOrientationPortrait UIInterfaceOrientationLandscapeLeft UIInterfaceOrientationLandscapeRight";
				LD_RUNPATH_SEARCH_PATHS = (
					"$(inherited)",
					"@executable_path/Frameworks",
				);
				MARKETING_VERSION = 1.0;
				PRODUCT_BUNDLE_IDENTIFIER = edu.usc.MvvmDemo;
				PRODUCT_NAME = "$(TARGET_NAME)";
				STRING_CATALOG_GENERATE_SYMBOLS = YES;
				SWIFT_APPROACHABLE_CONCURRENCY = YES;
				SWIFT_DEFAULT_ACTOR_ISOLATION = MainActor;
				SWIFT_EMIT_LOC_STRINGS = YES;
				SWIFT_UPCOMING_FEATURE_MEMBER_IMPORT_VISIBILITY = YES;
				SWIFT_VERSION = 5.0;
				TARGETED_DEVICE_FAMILY = "1,2";
			};
			name = Release;
		};
		4D4C78C22E88AD3100A34DD4 /* Debug */ = {
			isa = XCBuildConfiguration;
			buildSettings = {
				BUNDLE_LOADER = "$(TEST_HOST)";
				CODE_SIGN_STYLE = Automatic;
				CURRENT_PROJECT_VERSION = 1;
				GENERATE_INFOPLIST_FILE = YES;
				IPHONEOS_DEPLOYMENT_TARGET = 26.0;
				MARKETING_VERSION = 1.0;
				PRODUCT_BUNDLE_IDENTIFIER = edu.usc.MvvmDemoTests;
				PRODUCT_NAME = "$(TARGET_NAME)";
				STRING_CATALOG_GENERATE_SYMBOLS = NO;
				SWIFT_APPROACHABLE_CONCURRENCY = YES;
				SWIFT_EMIT_LOC_STRINGS = NO;
				SWIFT_UPCOMING_FEATURE_MEMBER_IMPORT_VISIBILITY = YES;
				SWIFT_VERSION = 5.0;
				TARGETED_DEVICE_FAMILY = "1,2";
				TEST_HOST = "$(BUILT_PRODUCTS_DIR)/MvvmDemo.app/$(BUNDLE_EXECUTABLE_FOLDER_PATH)/MvvmDemo";
			};
			name = Debug;
		};
		4D4C78C32E88AD3100A34DD4 /* Release */ = {
			isa = XCBuildConfiguration;
			buildSettings = {
				BUNDLE_LOADER = "$(TEST_HOST)";
				CODE_SIGN_STYLE = Automatic;
				CURRENT_PROJECT_VERSION = 1;
				GENERATE_INFOPLIST_FILE = YES;
				IPHONEOS_DEPLOYMENT_TARGET = 26.0;
				MARKETING_VERSION = 1.0;
				PRODUCT_BUNDLE_IDENTIFIER = edu.usc.MvvmDemoTests;
				PRODUCT_NAME = "$(TARGET_NAME)";
				STRING_CATALOG_GENERATE_SYMBOLS = NO;
				SWIFT_APPROACHABLE_CONCURRENCY = YES;
				SWIFT_EMIT_LOC_STRINGS = NO;
				SWIFT_UPCOMING_FEATURE_MEMBER_IMPORT_VISIBILITY = YES;
				SWIFT_VERSION = 5.0;
				TARGETED_DEVICE_FAMILY = "1,2";
				TEST_HOST = "$(BUILT_PRODUCTS_DIR)/MvvmDemo.app/$(BUNDLE_EXECUTABLE_FOLDER_PATH)/MvvmDemo";
			};
			name = Release;
		};
		4D4C78C52E88AD3100A34DD4 /* Debug */ = {
			isa = XCBuildConfiguration;
			buildSettings = {
				CODE_SIGN_STYLE = Automatic;
				CURRENT_PROJECT_VERSION = 1;
				GENERATE_INFOPLIST_FILE = YES;
				MARKETING_VERSION = 1.0;
				PRODUCT_BUNDLE_IDENTIFIER = edu.usc.MvvmDemoUITests;
				PRODUCT_NAME = "$(TARGET_NAME)";
				STRING_CATALOG_GENERATE_SYMBOLS = NO;
				SWIFT_APPROACHABLE_CONCURRENCY = YES;
				SWIFT_EMIT_LOC_STRINGS = NO;
				SWIFT_UPCOMING_FEATURE_MEMBER_IMPORT_VISIBILITY = YES;
				SWIFT_VERSION = 5.0;
				TARGETED_DEVICE_FAMILY = "1,2";
				TEST_TARGET_NAME = MvvmDemo;
			};
			name = Debug;
		};
		4D4C78C62E88AD3100A34DD4 /* Release */ = {
			isa = XCBuildConfiguration;
			buildSettings = {
				CODE_SIGN_STYLE = Automatic;
				CURRENT_PROJECT_VERSION = 1;
				GENERATE_INFOPLIST_FILE = YES;
				MARKETING_VERSION = 1.0;
				PRODUCT_BUNDLE_IDENTIFIER = edu.usc.MvvmDemoUITests;
				PRODUCT_NAME = "$(TARGET_NAME)";
				STRING_CATALOG_GENERATE_SYMBOLS = NO;
				SWIFT_APPROACHABLE_CONCURRENCY = YES;
				SWIFT_EMIT_LOC_STRINGS = NO;
				SWIFT_UPCOMING_FEATURE_MEMBER_IMPORT_VISIBILITY = YES;
				SWIFT_VERSION = 5.0;
				TARGETED_DEVICE_FAMILY = "1,2";
				TEST_TARGET_NAME = MvvmDemo;
			};
			name = Release;
		};
		4D4C78D92E88BEC000A34DD4 /* Debug */ = {
			isa = XCBuildConfiguration;
			buildSettings = {
				BUNDLE_LOADER = "$(TEST_HOST)";
				CODE_SIGN_STYLE = Automatic;
				CURRENT_PROJECT_VERSION = 1;
				GENERATE_INFOPLIST_FILE = YES;
				MARKETING_VERSION = 1.0;
				PRODUCT_BUNDLE_IDENTIFIER = edu.usc.MvvmDemoXCTests;
				PRODUCT_NAME = "$(TARGET_NAME)";
				STRING_CATALOG_GENERATE_SYMBOLS = NO;
				SWIFT_APPROACHABLE_CONCURRENCY = YES;
				SWIFT_EMIT_LOC_STRINGS = NO;
				SWIFT_UPCOMING_FEATURE_MEMBER_IMPORT_VISIBILITY = YES;
				SWIFT_VERSION = 5.0;
				TARGETED_DEVICE_FAMILY = "1,2";
				TEST_HOST = "$(BUILT_PRODUCTS_DIR)/MvvmDemo.app/$(BUNDLE_EXECUTABLE_FOLDER_PATH)/MvvmDemo";
			};
			name = Debug;
		};
		4D4C78DA2E88BEC000A34DD4 /* Release */ = {
			isa = XCBuildConfiguration;
			buildSettings = {
				BUNDLE_LOADER = "$(TEST_HOST)";
				CODE_SIGN_STYLE = Automatic;
				CURRENT_PROJECT_VERSION = 1;
				GENERATE_INFOPLIST_FILE = YES;
				MARKETING_VERSION = 1.0;
				PRODUCT_BUNDLE_IDENTIFIER = edu.usc.MvvmDemoXCTests;
				PRODUCT_NAME = "$(TARGET_NAME)";
				STRING_CATALOG_GENERATE_SYMBOLS = NO;
				SWIFT_APPROACHABLE_CONCURRENCY = YES;
				SWIFT_EMIT_LOC_STRINGS = NO;
				SWIFT_UPCOMING_FEATURE_MEMBER_IMPORT_VISIBILITY = YES;
				SWIFT_VERSION = 5.0;
				TARGETED_DEVICE_FAMILY = "1,2";
				TEST_HOST = "$(BUILT_PRODUCTS_DIR)/MvvmDemo.app/$(BUNDLE_EXECUTABLE_FOLDER_PATH)/MvvmDemo";
			};
			name = Release;
		};
/* End XCBuildConfiguration section */

/* Begin XCConfigurationList section */
		4D4C78982E88AD2F00A34DD4 /* Build configuration list for PBXProject "MvvmDemo" */ = {
			isa = XCConfigurationList;
			buildConfigurations = (
				4D4C78BC2E88AD3100A34DD4 /* Debug */,
				4D4C78BD2E88AD3100A34DD4 /* Release */,
			);
			defaultConfigurationIsVisible = 0;
			defaultConfigurationName = Release;
		};
		4D4C78BE2E88AD3100A34DD4 /* Build configuration list for PBXNativeTarget "MvvmDemo" */ = {
			isa = XCConfigurationList;
			buildConfigurations = (
				4D4C78BF2E88AD3100A34DD4 /* Debug */,
				4D4C78C02E88AD3100A34DD4 /* Release */,
			);
			defaultConfigurationIsVisible = 0;
			defaultConfigurationName = Release;
		};
		4D4C78C12E88AD3100A34DD4 /* Build configuration list for PBXNativeTarget "MvvmDemoTests" */ = {
			isa = XCConfigurationList;
			buildConfigurations = (
				4D4C78C22E88AD3100A34DD4 /* Debug */,
				4D4C78C32E88AD3100A34DD4 /* Release */,
			);
			defaultConfigurationIsVisible = 0;
			defaultConfigurationName = Release;
		};
		4D4C78C42E88AD3100A34DD4 /* Build configuration list for PBXNativeTarget "MvvmDemoUITests" */ = {
			isa = XCConfigurationList;
			buildConfigurations = (
				4D4C78C52E88AD3100A34DD4 /* Debug */,
				4D4C78C62E88AD3100A34DD4 /* Release */,
			);
			defaultConfigurationIsVisible = 0;
			defaultConfigurationName = Release;
		};
		4D4C78D82E88BEC000A34DD4 /* Build configuration list for PBXNativeTarget "MvvmDemoXCTests" */ = {
			isa = XCConfigurationList;
			buildConfigurations = (
				4D4C78D92E88BEC000A34DD4 /* Debug */,
				4D4C78DA2E88BEC000A34DD4 /* Release */,
			);
			defaultConfigurationIsVisible = 0;
			defaultConfigurationName = Release;
		};
/* End XCConfigurationList section */
	};
	rootObject = 4D4C78952E88AD2F00A34DD4 /* Project object */;
}
